{
  "name": "reaction-app",
  "version": "1.0.0",
  "lockfileVersion": 2,
  "requires": true,
  "packages": {
    "": {
      "name": "reaction-app",
      "version": "1.0.0",
      "license": "ISC",
      "dependencies": {
        "torchcode.js": "^1.0.3"
      }
    },
    "node_modules/torchcode.js": {
      "version": "1.0.3",
      "resolved": "https://registry.npmjs.org/torchcode.js/-/torchcode.js-1.0.3.tgz",
      "integrity": "sha512-4ORHvxilYNj+mbtmX+K1rVhjvGGY+ZgdoBnU16NE5gGcS2ngtUQJXABHPz2NciM9HShffnBh/gWHdyr2kDpWwg=="
    }
  },
  "dependencies": {
    "torchcode.js": {
      "version": "1.0.3",
      "resolved": "https://registry.npmjs.org/torchcode.js/-/torchcode.js-1.0.3.tgz",
      "integrity": "sha512-4ORHvxilYNj+mbtmX+K1rVhjvGGY+ZgdoBnU16NE5gGcS2ngtUQJXABHPz2NciM9HShffnBh/gWHdyr2kDpWwg=="
    }
  }
}
